# This file is @generated by PDM.
# It is not intended for manual editing.

[metadata]
groups = ["default", "dev"]
cross_platform = true
static_urls = false
lock_version = "4.3"
content_hash = "sha256:d8ef9cddc76b9b4c3666770e4a37408f7e97c4ddadfbc4e2584235b94ee6b863"

[[package]]
name = "grpcio"
version = "1.59.3"
requires_python = ">=3.7"
summary = "HTTP/2-based RPC framework"
files = [
    {file = "grpcio-1.59.3-cp310-cp310-linux_armv7l.whl", hash = "sha256:aca028a6c7806e5b61e5f9f4232432c52856f7fcb98e330b20b6bc95d657bdcc"},
    {file = "grpcio-1.59.3-cp310-cp310-macosx_12_0_universal2.whl", hash = "sha256:19ad26a7967f7999c8960d2b9fe382dae74c55b0c508c613a6c2ba21cddf2354"},
    {file = "grpcio-1.59.3-cp310-cp310-manylinux_2_17_aarch64.whl", hash = "sha256:72b71dad2a3d1650e69ad42a5c4edbc59ee017f08c32c95694172bc501def23c"},
    {file = "grpcio-1.59.3-cp310-cp310-manylinux_2_17_i686.manylinux2014_i686.whl", hash = "sha256:c0f0a11d82d0253656cc42e04b6a149521e02e755fe2e4edd21123de610fd1d4"},
    {file = "grpcio-1.59.3-cp310-cp310-manylinux_2_17_x86_64.manylinux2014_x86_64.whl", hash = "sha256:60cddafb70f9a2c81ba251b53b4007e07cca7389e704f86266e22c4bffd8bf1d"},
    {file = "grpcio-1.59.3-cp310-cp310-musllinux_1_1_i686.whl", hash = "sha256:6c75a1fa0e677c1d2b6d4196ad395a5c381dfb8385f07ed034ef667cdcdbcc25"},
    {file = "grpcio-1.59.3-cp310-cp310-musllinux_1_1_x86_64.whl", hash = "sha256:e1d8e01438d5964a11167eec1edb5f85ed8e475648f36c834ed5db4ffba24ac8"},
    {file = "grpcio-1.59.3-cp310-cp310-win32.whl", hash = "sha256:c4b0076f0bf29ee62335b055a9599f52000b7941f577daa001c7ef961a1fbeab"},
    {file = "grpcio-1.59.3-cp310-cp310-win_amd64.whl", hash = "sha256:b1f00a3e6e0c3dccccffb5579fc76ebfe4eb40405ba308505b41ef92f747746a"},
    {file = "grpcio-1.59.3-cp311-cp311-linux_armv7l.whl", hash = "sha256:3996aaa21231451161dc29df6a43fcaa8b332042b6150482c119a678d007dd86"},
    {file = "grpcio-1.59.3-cp311-cp311-macosx_10_10_universal2.whl", hash = "sha256:cb4e9cbd9b7388fcb06412da9f188c7803742d06d6f626304eb838d1707ec7e3"},
    {file = "grpcio-1.59.3-cp311-cp311-manylinux_2_17_aarch64.whl", hash = "sha256:8022ca303d6c694a0d7acfb2b472add920217618d3a99eb4b14edc7c6a7e8fcf"},
    {file = "grpcio-1.59.3-cp311-cp311-manylinux_2_17_i686.manylinux2014_i686.whl", hash = "sha256:b36683fad5664283755a7f4e2e804e243633634e93cd798a46247b8e54e3cb0d"},
    {file = "grpcio-1.59.3-cp311-cp311-manylinux_2_17_x86_64.manylinux2014_x86_64.whl", hash = "sha256:8239b853226e4824e769517e1b5232e7c4dda3815b200534500338960fcc6118"},
    {file = "grpcio-1.59.3-cp311-cp311-musllinux_1_1_i686.whl", hash = "sha256:0511af8653fbda489ff11d542a08505d56023e63cafbda60e6e00d4e0bae86ea"},
    {file = "grpcio-1.59.3-cp311-cp311-musllinux_1_1_x86_64.whl", hash = "sha256:e78dc982bda74cef2ddfce1c91d29b96864c4c680c634e279ed204d51e227473"},
    {file = "grpcio-1.59.3-cp311-cp311-win32.whl", hash = "sha256:6a5c3a96405966c023e139c3bcccb2c7c776a6f256ac6d70f8558c9041bdccc3"},
    {file = "grpcio-1.59.3-cp311-cp311-win_amd64.whl", hash = "sha256:ed26826ee423b11477297b187371cdf4fa1eca874eb1156422ef3c9a60590dd9"},
    {file = "grpcio-1.59.3-cp312-cp312-linux_armv7l.whl", hash = "sha256:45dddc5cb5227d30fa43652d8872dc87f086d81ab4b500be99413bad0ae198d7"},
    {file = "grpcio-1.59.3-cp312-cp312-macosx_10_10_universal2.whl", hash = "sha256:1736496d74682e53dd0907fd515f2694d8e6a96c9a359b4080b2504bf2b2d91b"},
    {file = "grpcio-1.59.3-cp312-cp312-manylinux_2_17_aarch64.whl", hash = "sha256:ddbd1a16138e52e66229047624de364f88a948a4d92ba20e4e25ad7d22eef025"},
    {file = "grpcio-1.59.3-cp312-cp312-manylinux_2_17_i686.manylinux2014_i686.whl", hash = "sha256:fcfa56f8d031ffda902c258c84c4b88707f3a4be4827b4e3ab8ec7c24676320d"},
    {file = "grpcio-1.59.3-cp312-cp312-manylinux_2_17_x86_64.manylinux2014_x86_64.whl", hash = "sha256:f2eb8f0c7c0c62f7a547ad7a91ba627a5aa32a5ae8d930783f7ee61680d7eb8d"},
    {file = "grpcio-1.59.3-cp312-cp312-musllinux_1_1_i686.whl", hash = "sha256:8d993399cc65e3a34f8fd48dd9ad7a376734564b822e0160dd18b3d00c1a33f9"},
    {file = "grpcio-1.59.3-cp312-cp312-musllinux_1_1_x86_64.whl", hash = "sha256:c0bd141f4f41907eb90bda74d969c3cb21c1c62779419782a5b3f5e4b5835718"},
    {file = "grpcio-1.59.3-cp312-cp312-win32.whl", hash = "sha256:33b8fd65d4e97efa62baec6171ce51f9cf68f3a8ba9f866f4abc9d62b5c97b79"},
    {file = "grpcio-1.59.3-cp312-cp312-win_amd64.whl", hash = "sha256:0e735ed002f50d4f3cb9ecfe8ac82403f5d842d274c92d99db64cfc998515e07"},
    {file = "grpcio-1.59.3-cp37-cp37m-linux_armv7l.whl", hash = "sha256:ea40ce4404e7cca0724c91a7404da410f0144148fdd58402a5942971e3469b94"},
    {file = "grpcio-1.59.3-cp37-cp37m-macosx_10_10_universal2.whl", hash = "sha256:83113bcc393477b6f7342b9f48e8a054330c895205517edc66789ceea0796b53"},
    {file = "grpcio-1.59.3-cp37-cp37m-manylinux_2_17_aarch64.whl", hash = "sha256:73afbac602b8f1212a50088193601f869b5073efa9855b3e51aaaec97848fc8a"},
    {file = "grpcio-1.59.3-cp37-cp37m-manylinux_2_17_i686.manylinux2014_i686.whl", hash = "sha256:575d61de1950b0b0699917b686b1ca108690702fcc2df127b8c9c9320f93e069"},
    {file = "grpcio-1.59.3-cp37-cp37m-manylinux_2_17_x86_64.manylinux2014_x86_64.whl", hash = "sha256:8cd76057b5c9a4d68814610ef9226925f94c1231bbe533fdf96f6181f7d2ff9e"},
    {file = "grpcio-1.59.3-cp37-cp37m-musllinux_1_1_i686.whl", hash = "sha256:95d6fd804c81efe4879e38bfd84d2b26e339a0a9b797e7615e884ef4686eb47b"},
    {file = "grpcio-1.59.3-cp37-cp37m-musllinux_1_1_x86_64.whl", hash = "sha256:0d42048b8a3286ea4134faddf1f9a59cf98192b94aaa10d910a25613c5eb5bfb"},
    {file = "grpcio-1.59.3-cp37-cp37m-win_amd64.whl", hash = "sha256:4619fea15c64bcdd9d447cdbdde40e3d5f1da3a2e8ae84103d94a9c1df210d7e"},
    {file = "grpcio-1.59.3-cp38-cp38-linux_armv7l.whl", hash = "sha256:95b5506e70284ac03b2005dd9ffcb6708c9ae660669376f0192a710687a22556"},
    {file = "grpcio-1.59.3-cp38-cp38-macosx_10_10_universal2.whl", hash = "sha256:9e17660947660ccfce56c7869032910c179a5328a77b73b37305cd1ee9301c2e"},
    {file = "grpcio-1.59.3-cp38-cp38-manylinux_2_17_aarch64.whl", hash = "sha256:00912ce19914d038851be5cd380d94a03f9d195643c28e3ad03d355cc02ce7e8"},
    {file = "grpcio-1.59.3-cp38-cp38-manylinux_2_17_i686.manylinux2014_i686.whl", hash = "sha256:e58b3cadaa3c90f1efca26ba33e0d408b35b497307027d3d707e4bcd8de862a6"},
    {file = "grpcio-1.59.3-cp38-cp38-manylinux_2_17_x86_64.manylinux2014_x86_64.whl", hash = "sha256:d787ecadea865bdf78f6679f6f5bf4b984f18f659257ba612979df97a298b3c3"},
    {file = "grpcio-1.59.3-cp38-cp38-musllinux_1_1_i686.whl", hash = "sha256:0814942ba1bba269db4e760a34388640c601dece525c6a01f3b4ff030cc0db69"},
    {file = "grpcio-1.59.3-cp38-cp38-musllinux_1_1_x86_64.whl", hash = "sha256:fb111aa99d3180c361a35b5ae1e2c63750220c584a1344229abc139d5c891881"},
    {file = "grpcio-1.59.3-cp38-cp38-win32.whl", hash = "sha256:eb8ba504c726befe40a356ecbe63c6c3c64c9a439b3164f5a718ec53c9874da0"},
    {file = "grpcio-1.59.3-cp38-cp38-win_amd64.whl", hash = "sha256:cdbc6b32fadab9bebc6f49d3e7ec4c70983c71e965497adab7f87de218e84391"},
    {file = "grpcio-1.59.3-cp39-cp39-linux_armv7l.whl", hash = "sha256:c82ca1e4be24a98a253d6dbaa216542e4163f33f38163fc77964b0f0d255b552"},
    {file = "grpcio-1.59.3-cp39-cp39-macosx_10_10_universal2.whl", hash = "sha256:36636babfda14f9e9687f28d5b66d349cf88c1301154dc71c6513de2b6c88c59"},
    {file = "grpcio-1.59.3-cp39-cp39-manylinux_2_17_aarch64.whl", hash = "sha256:5f9b2e591da751ac7fdd316cc25afafb7a626dededa9b414f90faad7f3ccebdb"},
    {file = "grpcio-1.59.3-cp39-cp39-manylinux_2_17_i686.manylinux2014_i686.whl", hash = "sha256:a93a82876a4926bf451db82ceb725bd87f42292bacc94586045261f501a86994"},
    {file = "grpcio-1.59.3-cp39-cp39-manylinux_2_17_x86_64.manylinux2014_x86_64.whl", hash = "sha256:ce31fa0bfdd1f2bb15b657c16105c8652186eab304eb512e6ae3b99b2fdd7d13"},
    {file = "grpcio-1.59.3-cp39-cp39-musllinux_1_1_i686.whl", hash = "sha256:16da0e40573962dab6cba16bec31f25a4f468e6d05b658e589090fe103b03e3d"},
    {file = "grpcio-1.59.3-cp39-cp39-musllinux_1_1_x86_64.whl", hash = "sha256:d1d1a17372fd425addd5812049fa7374008ffe689585f27f802d0935522cf4b7"},
    {file = "grpcio-1.59.3-cp39-cp39-win32.whl", hash = "sha256:52cc38a7241b5f7b4a91aaf9000fdd38e26bb00d5e8a71665ce40cfcee716281"},
    {file = "grpcio-1.59.3-cp39-cp39-win_amd64.whl", hash = "sha256:b491e5bbcad3020a96842040421e508780cade35baba30f402df9d321d1c423e"},
    {file = "grpcio-1.59.3.tar.gz", hash = "sha256:7800f99568a74a06ebdccd419dd1b6e639b477dcaf6da77ea702f8fb14ce5f80"},
]

[[package]]
name = "grpcio-tools"
version = "1.59.3"
requires_python = ">=3.7"
summary = "Protobuf code generator for gRPC"
dependencies = [
    "grpcio>=1.59.3",
    "protobuf<5.0dev,>=4.21.6",
    "setuptools",
]
files = [
    {file = "grpcio-tools-1.59.3.tar.gz", hash = "sha256:cd160ac4281cd1ae77a2c880377a7728349340b4c91e24285037b57c18e9f651"},
    {file = "grpcio_tools-1.59.3-cp310-cp310-linux_armv7l.whl", hash = "sha256:17017fe74734c158e0f93817f1ff17aeda37d0f105ed6e63b12c26b66743a7a8"},
    {file = "grpcio_tools-1.59.3-cp310-cp310-macosx_12_0_universal2.whl", hash = "sha256:ac1013e4f84ffd15c45ead6d19c9d188b76c14466a799aa9c338ce3b9ebf6dcc"},
    {file = "grpcio_tools-1.59.3-cp310-cp310-manylinux_2_17_aarch64.whl", hash = "sha256:0a5d760619305eb51a8719ce9c081398f145a46bc7c86a6e2cebe0648a21f40c"},
    {file = "grpcio_tools-1.59.3-cp310-cp310-manylinux_2_17_i686.manylinux2014_i686.whl", hash = "sha256:de3d9649b7a3091ec785a67d5bf006584440f03896ee52259c6d9ff412d08afb"},
    {file = "grpcio_tools-1.59.3-cp310-cp310-manylinux_2_17_x86_64.manylinux2014_x86_64.whl", hash = "sha256:21868aa510317d3f39e5de40208ffb8ab1beb1cbcab333317939b59a9b5db055"},
    {file = "grpcio_tools-1.59.3-cp310-cp310-musllinux_1_1_i686.whl", hash = "sha256:0b116a888580317e421358f26bfaeec47d6f73079e8a47bad60d1f9f7b30f2a5"},
    {file = "grpcio_tools-1.59.3-cp310-cp310-musllinux_1_1_x86_64.whl", hash = "sha256:6bd4a72c27abda191e2360b2b720ada1880aba96a63604a6f9d7c37bb3bbf5c4"},
    {file = "grpcio_tools-1.59.3-cp310-cp310-win32.whl", hash = "sha256:d70cad744e92c7576c226a72998ae8dd59240c942f73798bbde40284eb9eb991"},
    {file = "grpcio_tools-1.59.3-cp310-cp310-win_amd64.whl", hash = "sha256:2b8a4aca0c11f2a8b3bfe103362984bdc427ab762428446ef2e12922fd48ee10"},
    {file = "grpcio_tools-1.59.3-cp311-cp311-linux_armv7l.whl", hash = "sha256:b4418b78408ff56ee70a0b14484c07f5e48c2e6f4fa7be390d486a686d0cd6e4"},
    {file = "grpcio_tools-1.59.3-cp311-cp311-macosx_10_10_universal2.whl", hash = "sha256:58de83ced4f86458f45288a5f76d9765dc245a9ce4e783a194decccc7e0674ea"},
    {file = "grpcio_tools-1.59.3-cp311-cp311-manylinux_2_17_aarch64.whl", hash = "sha256:76b0cdcbcb38722840d3eaff6439ddb4b8f0210c6718553d7b7c911834b10e60"},
    {file = "grpcio_tools-1.59.3-cp311-cp311-manylinux_2_17_i686.manylinux2014_i686.whl", hash = "sha256:a0cacf59513b100bfb3d8de51ba43db6140aa9bcb7bba872badb48acb430c002"},
    {file = "grpcio_tools-1.59.3-cp311-cp311-manylinux_2_17_x86_64.manylinux2014_x86_64.whl", hash = "sha256:019fdd986c80b13187574c291df5054f241bdbe87dbc86e4cee73ffa28328647"},
    {file = "grpcio_tools-1.59.3-cp311-cp311-musllinux_1_1_i686.whl", hash = "sha256:ff304b9d6c23d8e2ecc860bebac1ec6768a2d920985bcea9ce4a7aaeeea44f76"},
    {file = "grpcio_tools-1.59.3-cp311-cp311-musllinux_1_1_x86_64.whl", hash = "sha256:ca286affe613beaf2d5a6b8bd83203dcf488917194b416da48aa849047b5f081"},
    {file = "grpcio_tools-1.59.3-cp311-cp311-win32.whl", hash = "sha256:8f69141ff370729ceaad0286b8c6e15352c9bb39aa8f18c0500ce3d0238c2981"},
    {file = "grpcio_tools-1.59.3-cp311-cp311-win_amd64.whl", hash = "sha256:05ec4ffe16b6eab12813476e6d7465a0027bee33999d4776ae1d9c0664d0fc54"},
    {file = "grpcio_tools-1.59.3-cp312-cp312-linux_armv7l.whl", hash = "sha256:21d976419630f72a7cefebe7dcfc451b33d70c805a43ff5a60c43367813f0527"},
    {file = "grpcio_tools-1.59.3-cp312-cp312-macosx_10_10_universal2.whl", hash = "sha256:396106f92ea6ab2157535e1a009bac99aa15680ca8addbc8e7c1a4d3f5b1fb2c"},
    {file = "grpcio_tools-1.59.3-cp312-cp312-manylinux_2_17_aarch64.whl", hash = "sha256:4f064483e0046a4a193d6c67b26ea0f61737e8232ff61636a7fa0bc5244458be"},
    {file = "grpcio_tools-1.59.3-cp312-cp312-manylinux_2_17_i686.manylinux2014_i686.whl", hash = "sha256:a6dc6da8e3780df25095c1952f45c334e1554f25b991ffe75dbf0408795d27a0"},
    {file = "grpcio_tools-1.59.3-cp312-cp312-manylinux_2_17_x86_64.manylinux2014_x86_64.whl", hash = "sha256:87111be05c1a159ce3fffbfad86ff69fd4bf1702cde127eb698d8e8c3a018ab6"},
    {file = "grpcio_tools-1.59.3-cp312-cp312-musllinux_1_1_i686.whl", hash = "sha256:83453a13c2120238eb7fb993b03b370496e76071a7b45c816aa682d9226d29c1"},
    {file = "grpcio_tools-1.59.3-cp312-cp312-musllinux_1_1_x86_64.whl", hash = "sha256:4384b29d8e126bc6e24a5efd9d60a2a2015867c7109fa67ff2ed274b3f4a05c5"},
    {file = "grpcio_tools-1.59.3-cp312-cp312-win32.whl", hash = "sha256:ce1372c9acde9d74c7e54858598ac0c5203dd3ec24b9085f7a8b2f33cc156736"},
    {file = "grpcio_tools-1.59.3-cp312-cp312-win_amd64.whl", hash = "sha256:84179e3a7c9067e993700b3255f2adc10e9b16e8dd28525d1dd1a02b9ca603ee"},
    {file = "grpcio_tools-1.59.3-cp37-cp37m-linux_armv7l.whl", hash = "sha256:592208a9a02df75993cc4dba111d2b81f0e6a3f3837856be239e1aceb6651f31"},
    {file = "grpcio_tools-1.59.3-cp37-cp37m-macosx_10_10_universal2.whl", hash = "sha256:1abe30ce770ac4fed966d017771fa7f8ced6a279de7ce68023e2c07f07911e76"},
    {file = "grpcio_tools-1.59.3-cp37-cp37m-manylinux_2_17_aarch64.whl", hash = "sha256:4dce57668e2aa8c3bb0b2a0bb766a2654ee0f4d8d31e02a6001e98af18569285"},
    {file = "grpcio_tools-1.59.3-cp37-cp37m-manylinux_2_17_i686.manylinux2014_i686.whl", hash = "sha256:acaefd3c362250a02cc93fc1b5440e3cb30ab8d7fd81594b2975ea19f123aae3"},
    {file = "grpcio_tools-1.59.3-cp37-cp37m-manylinux_2_17_x86_64.manylinux2014_x86_64.whl", hash = "sha256:76542e1c11e3f2c22c19cff6b3233caab35924fad1f685ce63184d31b4050fa8"},
    {file = "grpcio_tools-1.59.3-cp37-cp37m-musllinux_1_1_i686.whl", hash = "sha256:64fd1efb23da054f61aca2346c5139f317b7f4c545f6dbda5ec246f281af8e86"},
    {file = "grpcio_tools-1.59.3-cp37-cp37m-musllinux_1_1_x86_64.whl", hash = "sha256:ea6454acde508c9a62dab3f59e98b32e32b26aa60df20080982503bb7db51304"},
    {file = "grpcio_tools-1.59.3-cp37-cp37m-win_amd64.whl", hash = "sha256:a048d4bde526f3c6e364abea2c3a481f3bbebc4bfa7fdcfcc3e5ee4f8ab9c4c5"},
    {file = "grpcio_tools-1.59.3-cp38-cp38-linux_armv7l.whl", hash = "sha256:b4db59a62d31c98105af08b1bfb8878c239e4cf31088f2d9864756cdfec67746"},
    {file = "grpcio_tools-1.59.3-cp38-cp38-macosx_10_10_universal2.whl", hash = "sha256:05ac0f6683759e5508081c09af26cb6cc949c2c54d75ff8b76344709f78dda53"},
    {file = "grpcio_tools-1.59.3-cp38-cp38-manylinux_2_17_aarch64.whl", hash = "sha256:a031e1ced828a00f1eb59db5f5d4dd39d3bd6a7df8187f84830d4a32a1bbc686"},
    {file = "grpcio_tools-1.59.3-cp38-cp38-manylinux_2_17_i686.manylinux2014_i686.whl", hash = "sha256:f48b4409b306675b7673dad725c9cf3234bf05623bf8a193ad14af39d0368ba6"},
    {file = "grpcio_tools-1.59.3-cp38-cp38-manylinux_2_17_x86_64.manylinux2014_x86_64.whl", hash = "sha256:36524d97cc936767a69815b90be76a1420b3218a7724ce69cde6ece794e72a17"},
    {file = "grpcio_tools-1.59.3-cp38-cp38-musllinux_1_1_i686.whl", hash = "sha256:7cc7e8b893a6c37a8a28735fede1aa40275988a668d1e22c5f234938a77d811d"},
    {file = "grpcio_tools-1.59.3-cp38-cp38-musllinux_1_1_x86_64.whl", hash = "sha256:917be645a71cf9592d2f5a3589c20c074a6539954017e8e2dca5e8ba13025625"},
    {file = "grpcio_tools-1.59.3-cp38-cp38-win32.whl", hash = "sha256:a1394b7a65d738ee0ce4eac1fc95158dd9c97b5c3f690d259e6ee0bf131697de"},
    {file = "grpcio_tools-1.59.3-cp38-cp38-win_amd64.whl", hash = "sha256:007745bd3c5a788dcb73eeb6cd773613a834bd2442e7d062dcafe46dbd4bb5f6"},
    {file = "grpcio_tools-1.59.3-cp39-cp39-linux_armv7l.whl", hash = "sha256:102b5f14a500dbb766f24a96884d9572a3ea7a56d69695461100fb71ec922ef6"},
    {file = "grpcio_tools-1.59.3-cp39-cp39-macosx_10_10_universal2.whl", hash = "sha256:46c384a0e30a8422a3e2c5530b3cd69b652dd659549907e2eaac7ca4e0ab614d"},
    {file = "grpcio_tools-1.59.3-cp39-cp39-manylinux_2_17_aarch64.whl", hash = "sha256:ee013da4f5a4ef50fdeca372470733bc402677a4dc0023ee94bf42478b5a620d"},
    {file = "grpcio_tools-1.59.3-cp39-cp39-manylinux_2_17_i686.manylinux2014_i686.whl", hash = "sha256:4b7883ce3d532c09f29c016fdac107f9a3dc43f9e6b60faf8b91fcba21824269"},
    {file = "grpcio_tools-1.59.3-cp39-cp39-manylinux_2_17_x86_64.manylinux2014_x86_64.whl", hash = "sha256:2861e4814ebc147854c2246092c433931f4c15f3c8105ae8716b1e282313a5ae"},
    {file = "grpcio_tools-1.59.3-cp39-cp39-musllinux_1_1_i686.whl", hash = "sha256:d93590a6a82469f3e58e39692230d99c43a39b215cb581e072dcd52286471152"},
    {file = "grpcio_tools-1.59.3-cp39-cp39-musllinux_1_1_x86_64.whl", hash = "sha256:f8396183e6e0a16178773963dc21b58c0c532783476fda314198a9e42f57af7d"},
    {file = "grpcio_tools-1.59.3-cp39-cp39-win32.whl", hash = "sha256:6747b1d82d08e0f5e1a6438532343a1c5504147d1a199c5756e702e5f916de4c"},
    {file = "grpcio_tools-1.59.3-cp39-cp39-win_amd64.whl", hash = "sha256:3a560dcb176dd42c37af5d37299e318341a572547e32b942247daa834d2164c0"},
]

[[package]]
name = "grpclib"
version = "0.4.6"
requires_python = ">=3.7"
summary = "Pure-Python gRPC implementation for asyncio"
dependencies = [
    "h2<5,>=3.1.0",
    "multidict",
]
files = [
    {file = "grpclib-0.4.6.tar.gz", hash = "sha256:595d05236ca8b8f8e433f5bf6095e6354c1d8777d003ddaf5288efa9611e3fd6"},
]

[[package]]
name = "h2"
version = "4.1.0"
requires_python = ">=3.6.1"
summary = "HTTP/2 State-Machine based protocol implementation"
dependencies = [
    "hpack<5,>=4.0",
    "hyperframe<7,>=6.0",
]
files = [
    {file = "h2-4.1.0-py3-none-any.whl", hash = "sha256:03a46bcf682256c95b5fd9e9a99c1323584c3eec6440d379b9903d709476bc6d"},
    {file = "h2-4.1.0.tar.gz", hash = "sha256:a83aca08fbe7aacb79fec788c9c0bac936343560ed9ec18b82a13a12c28d2abb"},
]

[[package]]
name = "hiku"
version = "0.6.0"
requires_python = ">=3.5"
summary = "Library to implement Graph APIs"
files = [
    {file = "hiku-0.6.0.tar.gz", hash = "sha256:41853bf5b17910f66d8fa4ae34ebc3e020f1b985f3cf5f9ed2415dcafaaf5c22"},
]

[[package]]
name = "hpack"
version = "4.0.0"
requires_python = ">=3.6.1"
summary = "Pure-Python HPACK header compression"
files = [
    {file = "hpack-4.0.0-py3-none-any.whl", hash = "sha256:84a076fad3dc9a9f8063ccb8041ef100867b1878b25ef0ee63847a5d53818a6c"},
    {file = "hpack-4.0.0.tar.gz", hash = "sha256:fc41de0c63e687ebffde81187a948221294896f6bdc0ae2312708df339430095"},
]

[[package]]
name = "hyperframe"
version = "6.0.1"
requires_python = ">=3.6.1"
summary = "HTTP/2 framing layer for Python"
files = [
    {file = "hyperframe-6.0.1-py3-none-any.whl", hash = "sha256:0ec6bafd80d8ad2195c4f03aacba3a8265e57bc4cff261e802bf39970ed02a15"},
    {file = "hyperframe-6.0.1.tar.gz", hash = "sha256:ae510046231dc8e9ecb1a6586f63d2347bf4c8905914aa84ba585ae85f28a914"},
]

[[package]]
name = "multidict"
version = "6.0.4"
requires_python = ">=3.7"
summary = "multidict implementation"
files = [
    {file = "multidict-6.0.4-cp310-cp310-macosx_10_9_universal2.whl", hash = "sha256:0b1a97283e0c85772d613878028fec909f003993e1007eafa715b24b377cb9b8"},
    {file = "multidict-6.0.4-cp310-cp310-macosx_10_9_x86_64.whl", hash = "sha256:eeb6dcc05e911516ae3d1f207d4b0520d07f54484c49dfc294d6e7d63b734171"},
    {file = "multidict-6.0.4-cp310-cp310-macosx_11_0_arm64.whl", hash = "sha256:d6d635d5209b82a3492508cf5b365f3446afb65ae7ebd755e70e18f287b0adf7"},
    {file = "multidict-6.0.4-cp310-cp310-manylinux_2_17_aarch64.manylinux2014_aarch64.whl", hash = "sha256:c048099e4c9e9d615545e2001d3d8a4380bd403e1a0578734e0d31703d1b0c0b"},
    {file = "multidict-6.0.4-cp310-cp310-manylinux_2_17_ppc64le.manylinux2014_ppc64le.whl", hash = "sha256:ea20853c6dbbb53ed34cb4d080382169b6f4554d394015f1bef35e881bf83547"},
    {file = "multidict-6.0.4-cp310-cp310-manylinux_2_17_s390x.manylinux2014_s390x.whl", hash = "sha256:16d232d4e5396c2efbbf4f6d4df89bfa905eb0d4dc5b3549d872ab898451f569"},
    {file = "multidict-6.0.4-cp310-cp310-manylinux_2_17_x86_64.manylinux2014_x86_64.whl", hash = "sha256:36c63aaa167f6c6b04ef2c85704e93af16c11d20de1d133e39de6a0e84582a93"},
    {file = "multidict-6.0.4-cp310-cp310-manylinux_2_5_i686.manylinux1_i686.manylinux_2_17_i686.manylinux2014_i686.whl", hash = "sha256:64bdf1086b6043bf519869678f5f2757f473dee970d7abf6da91ec00acb9cb98"},
    {file = "multidict-6.0.4-cp310-cp310-musllinux_1_1_aarch64.whl", hash = "sha256:43644e38f42e3af682690876cff722d301ac585c5b9e1eacc013b7a3f7b696a0"},
    {file = "multidict-6.0.4-cp310-cp310-musllinux_1_1_i686.whl", hash = "sha256:7582a1d1030e15422262de9f58711774e02fa80df0d1578995c76214f6954988"},
    {file = "multidict-6.0.4-cp310-cp310-musllinux_1_1_ppc64le.whl", hash = "sha256:ddff9c4e225a63a5afab9dd15590432c22e8057e1a9a13d28ed128ecf047bbdc"},
    {file = "multidict-6.0.4-cp310-cp310-musllinux_1_1_s390x.whl", hash = "sha256:ee2a1ece51b9b9e7752e742cfb661d2a29e7bcdba2d27e66e28a99f1890e4fa0"},
    {file = "multidict-6.0.4-cp310-cp310-musllinux_1_1_x86_64.whl", hash = "sha256:a2e4369eb3d47d2034032a26c7a80fcb21a2cb22e1173d761a162f11e562caa5"},
    {file = "multidict-6.0.4-cp310-cp310-win32.whl", hash = "sha256:574b7eae1ab267e5f8285f0fe881f17efe4b98c39a40858247720935b893bba8"},
    {file = "multidict-6.0.4-cp310-cp310-win_amd64.whl", hash = "sha256:4dcbb0906e38440fa3e325df2359ac6cb043df8e58c965bb45f4e406ecb162cc"},
    {file = "multidict-6.0.4-cp311-cp311-macosx_10_9_universal2.whl", hash = "sha256:0dfad7a5a1e39c53ed00d2dd0c2e36aed4650936dc18fd9a1826a5ae1cad6f03"},
    {file = "multidict-6.0.4-cp311-cp311-macosx_10_9_x86_64.whl", hash = "sha256:64da238a09d6039e3bd39bb3aee9c21a5e34f28bfa5aa22518581f910ff94af3"},
    {file = "multidict-6.0.4-cp311-cp311-macosx_11_0_arm64.whl", hash = "sha256:ff959bee35038c4624250473988b24f846cbeb2c6639de3602c073f10410ceba"},
    {file = "multidict-6.0.4-cp311-cp311-manylinux_2_17_aarch64.manylinux2014_aarch64.whl", hash = "sha256:01a3a55bd90018c9c080fbb0b9f4891db37d148a0a18722b42f94694f8b6d4c9"},
    {file = "multidict-6.0.4-cp311-cp311-manylinux_2_17_ppc64le.manylinux2014_ppc64le.whl", hash = "sha256:c5cb09abb18c1ea940fb99360ea0396f34d46566f157122c92dfa069d3e0e982"},
    {file = "multidict-6.0.4-cp311-cp311-manylinux_2_17_s390x.manylinux2014_s390x.whl", hash = "sha256:666daae833559deb2d609afa4490b85830ab0dfca811a98b70a205621a6109fe"},
    {file = "multidict-6.0.4-cp311-cp311-manylinux_2_17_x86_64.manylinux2014_x86_64.whl", hash = "sha256:11bdf3f5e1518b24530b8241529d2050014c884cf18b6fc69c0c2b30ca248710"},
    {file = "multidict-6.0.4-cp311-cp311-manylinux_2_5_i686.manylinux1_i686.manylinux_2_17_i686.manylinux2014_i686.whl", hash = "sha256:7d18748f2d30f94f498e852c67d61261c643b349b9d2a581131725595c45ec6c"},
    {file = "multidict-6.0.4-cp311-cp311-musllinux_1_1_aarch64.whl", hash = "sha256:458f37be2d9e4c95e2d8866a851663cbc76e865b78395090786f6cd9b3bbf4f4"},
    {file = "multidict-6.0.4-cp311-cp311-musllinux_1_1_i686.whl", hash = "sha256:b1a2eeedcead3a41694130495593a559a668f382eee0727352b9a41e1c45759a"},
    {file = "multidict-6.0.4-cp311-cp311-musllinux_1_1_ppc64le.whl", hash = "sha256:7d6ae9d593ef8641544d6263c7fa6408cc90370c8cb2bbb65f8d43e5b0351d9c"},
    {file = "multidict-6.0.4-cp311-cp311-musllinux_1_1_s390x.whl", hash = "sha256:5979b5632c3e3534e42ca6ff856bb24b2e3071b37861c2c727ce220d80eee9ed"},
    {file = "multidict-6.0.4-cp311-cp311-musllinux_1_1_x86_64.whl", hash = "sha256:dcfe792765fab89c365123c81046ad4103fcabbc4f56d1c1997e6715e8015461"},
    {file = "multidict-6.0.4-cp311-cp311-win32.whl", hash = "sha256:3601a3cece3819534b11d4efc1eb76047488fddd0c85a3948099d5da4d504636"},
    {file = "multidict-6.0.4-cp311-cp311-win_amd64.whl", hash = "sha256:81a4f0b34bd92df3da93315c6a59034df95866014ac08535fc819f043bfd51f0"},
    {file = "multidict-6.0.4-cp37-cp37m-macosx_10_9_x86_64.whl", hash = "sha256:67040058f37a2a51ed8ea8f6b0e6ee5bd78ca67f169ce6122f3e2ec80dfe9b78"},
    {file = "multidict-6.0.4-cp37-cp37m-manylinux_2_17_aarch64.manylinux2014_aarch64.whl", hash = "sha256:853888594621e6604c978ce2a0444a1e6e70c8d253ab65ba11657659dcc9100f"},
    {file = "multidict-6.0.4-cp37-cp37m-manylinux_2_17_ppc64le.manylinux2014_ppc64le.whl", hash = "sha256:39ff62e7d0f26c248b15e364517a72932a611a9b75f35b45be078d81bdb86603"},
    {file = "multidict-6.0.4-cp37-cp37m-manylinux_2_17_s390x.manylinux2014_s390x.whl", hash = "sha256:af048912e045a2dc732847d33821a9d84ba553f5c5f028adbd364dd4765092ac"},
    {file = "multidict-6.0.4-cp37-cp37m-manylinux_2_17_x86_64.manylinux2014_x86_64.whl", hash = "sha256:b1e8b901e607795ec06c9e42530788c45ac21ef3aaa11dbd0c69de543bfb79a9"},
    {file = "multidict-6.0.4-cp37-cp37m-manylinux_2_5_i686.manylinux1_i686.manylinux_2_17_i686.manylinux2014_i686.whl", hash = "sha256:62501642008a8b9871ddfccbf83e4222cf8ac0d5aeedf73da36153ef2ec222d2"},
    {file = "multidict-6.0.4-cp37-cp37m-musllinux_1_1_aarch64.whl", hash = "sha256:99b76c052e9f1bc0721f7541e5e8c05db3941eb9ebe7b8553c625ef88d6eefde"},
    {file = "multidict-6.0.4-cp37-cp37m-musllinux_1_1_i686.whl", hash = "sha256:509eac6cf09c794aa27bcacfd4d62c885cce62bef7b2c3e8b2e49d365b5003fe"},
    {file = "multidict-6.0.4-cp37-cp37m-musllinux_1_1_ppc64le.whl", hash = "sha256:21a12c4eb6ddc9952c415f24eef97e3e55ba3af61f67c7bc388dcdec1404a067"},
    {file = "multidict-6.0.4-cp37-cp37m-musllinux_1_1_s390x.whl", hash = "sha256:5cad9430ab3e2e4fa4a2ef4450f548768400a2ac635841bc2a56a2052cdbeb87"},
    {file = "multidict-6.0.4-cp37-cp37m-musllinux_1_1_x86_64.whl", hash = "sha256:ab55edc2e84460694295f401215f4a58597f8f7c9466faec545093045476327d"},
    {file = "multidict-6.0.4-cp37-cp37m-win32.whl", hash = "sha256:5a4dcf02b908c3b8b17a45fb0f15b695bf117a67b76b7ad18b73cf8e92608775"},
    {file = "multidict-6.0.4-cp37-cp37m-win_amd64.whl", hash = "sha256:6ed5f161328b7df384d71b07317f4d8656434e34591f20552c7bcef27b0ab88e"},
    {file = "multidict-6.0.4-cp38-cp38-macosx_10_9_universal2.whl", hash = "sha256:5fc1b16f586f049820c5c5b17bb4ee7583092fa0d1c4e28b5239181ff9532e0c"},
    {file = "multidict-6.0.4-cp38-cp38-macosx_10_9_x86_64.whl", hash = "sha256:1502e24330eb681bdaa3eb70d6358e818e8e8f908a22a1851dfd4e15bc2f8161"},
    {file = "multidict-6.0.4-cp38-cp38-macosx_11_0_arm64.whl", hash = "sha256:b692f419760c0e65d060959df05f2a531945af31fda0c8a3b3195d4efd06de11"},
    {file = "multidict-6.0.4-cp38-cp38-manylinux_2_17_aarch64.manylinux2014_aarch64.whl", hash = "sha256:45e1ecb0379bfaab5eef059f50115b54571acfbe422a14f668fc8c27ba410e7e"},
    {file = "multidict-6.0.4-cp38-cp38-manylinux_2_17_ppc64le.manylinux2014_ppc64le.whl", hash = "sha256:ddd3915998d93fbcd2566ddf9cf62cdb35c9e093075f862935573d265cf8f65d"},
    {file = "multidict-6.0.4-cp38-cp38-manylinux_2_17_s390x.manylinux2014_s390x.whl", hash = "sha256:59d43b61c59d82f2effb39a93c48b845efe23a3852d201ed2d24ba830d0b4cf2"},
    {file = "multidict-6.0.4-cp38-cp38-manylinux_2_17_x86_64.manylinux2014_x86_64.whl", hash = "sha256:cc8e1d0c705233c5dd0c5e6460fbad7827d5d36f310a0fadfd45cc3029762258"},
    {file = "multidict-6.0.4-cp38-cp38-manylinux_2_5_i686.manylinux1_i686.manylinux_2_17_i686.manylinux2014_i686.whl", hash = "sha256:d6aa0418fcc838522256761b3415822626f866758ee0bc6632c9486b179d0b52"},
    {file = "multidict-6.0.4-cp38-cp38-musllinux_1_1_aarch64.whl", hash = "sha256:6748717bb10339c4760c1e63da040f5f29f5ed6e59d76daee30305894069a660"},
    {file = "multidict-6.0.4-cp38-cp38-musllinux_1_1_i686.whl", hash = "sha256:4d1a3d7ef5e96b1c9e92f973e43aa5e5b96c659c9bc3124acbbd81b0b9c8a951"},
    {file = "multidict-6.0.4-cp38-cp38-musllinux_1_1_ppc64le.whl", hash = "sha256:4372381634485bec7e46718edc71528024fcdc6f835baefe517b34a33c731d60"},
    {file = "multidict-6.0.4-cp38-cp38-musllinux_1_1_s390x.whl", hash = "sha256:fc35cb4676846ef752816d5be2193a1e8367b4c1397b74a565a9d0389c433a1d"},
    {file = "multidict-6.0.4-cp38-cp38-musllinux_1_1_x86_64.whl", hash = "sha256:4b9d9e4e2b37daddb5c23ea33a3417901fa7c7b3dee2d855f63ee67a0b21e5b1"},
    {file = "multidict-6.0.4-cp38-cp38-win32.whl", hash = "sha256:e41b7e2b59679edfa309e8db64fdf22399eec4b0b24694e1b2104fb789207779"},
    {file = "multidict-6.0.4-cp38-cp38-win_amd64.whl", hash = "sha256:d6c254ba6e45d8e72739281ebc46ea5eb5f101234f3ce171f0e9f5cc86991480"},
    {file = "multidict-6.0.4-cp39-cp39-macosx_10_9_universal2.whl", hash = "sha256:16ab77bbeb596e14212e7bab8429f24c1579234a3a462105cda4a66904998664"},
    {file = "multidict-6.0.4-cp39-cp39-macosx_10_9_x86_64.whl", hash = "sha256:bc779e9e6f7fda81b3f9aa58e3a6091d49ad528b11ed19f6621408806204ad35"},
    {file = "multidict-6.0.4-cp39-cp39-macosx_11_0_arm64.whl", hash = "sha256:4ceef517eca3e03c1cceb22030a3e39cb399ac86bff4e426d4fc6ae49052cc60"},
    {file = "multidict-6.0.4-cp39-cp39-manylinux_2_17_aarch64.manylinux2014_aarch64.whl", hash = "sha256:281af09f488903fde97923c7744bb001a9b23b039a909460d0f14edc7bf59706"},
    {file = "multidict-6.0.4-cp39-cp39-manylinux_2_17_ppc64le.manylinux2014_ppc64le.whl", hash = "sha256:52f2dffc8acaba9a2f27174c41c9e57f60b907bb9f096b36b1a1f3be71c6284d"},
    {file = "multidict-6.0.4-cp39-cp39-manylinux_2_17_s390x.manylinux2014_s390x.whl", hash = "sha256:b41156839806aecb3641f3208c0dafd3ac7775b9c4c422d82ee2a45c34ba81ca"},
    {file = "multidict-6.0.4-cp39-cp39-manylinux_2_17_x86_64.manylinux2014_x86_64.whl", hash = "sha256:d5e3fc56f88cc98ef8139255cf8cd63eb2c586531e43310ff859d6bb3a6b51f1"},
    {file = "multidict-6.0.4-cp39-cp39-manylinux_2_5_i686.manylinux1_i686.manylinux_2_17_i686.manylinux2014_i686.whl", hash = "sha256:8316a77808c501004802f9beebde51c9f857054a0c871bd6da8280e718444449"},
    {file = "multidict-6.0.4-cp39-cp39-musllinux_1_1_aarch64.whl", hash = "sha256:f70b98cd94886b49d91170ef23ec5c0e8ebb6f242d734ed7ed677b24d50c82cf"},
    {file = "multidict-6.0.4-cp39-cp39-musllinux_1_1_i686.whl", hash = "sha256:bf6774e60d67a9efe02b3616fee22441d86fab4c6d335f9d2051d19d90a40063"},
    {file = "multidict-6.0.4-cp39-cp39-musllinux_1_1_ppc64le.whl", hash = "sha256:e69924bfcdda39b722ef4d9aa762b2dd38e4632b3641b1d9a57ca9cd18f2f83a"},
    {file = "multidict-6.0.4-cp39-cp39-musllinux_1_1_s390x.whl", hash = "sha256:6b181d8c23da913d4ff585afd1155a0e1194c0b50c54fcfe286f70cdaf2b7176"},
    {file = "multidict-6.0.4-cp39-cp39-musllinux_1_1_x86_64.whl", hash = "sha256:52509b5be062d9eafc8170e53026fbc54cf3b32759a23d07fd935fb04fc22d95"},
    {file = "multidict-6.0.4-cp39-cp39-win32.whl", hash = "sha256:27c523fbfbdfd19c6867af7346332b62b586eed663887392cff78d614f9ec313"},
    {file = "multidict-6.0.4-cp39-cp39-win_amd64.whl", hash = "sha256:33029f5734336aa0d4c0384525da0387ef89148dc7191aae00ca5fb23d7aafc2"},
    {file = "multidict-6.0.4.tar.gz", hash = "sha256:3666906492efb76453c0e7b97f2cf459b0682e7402c0489a95484965dbc1da49"},
]

[[package]]
name = "protobuf"
version = "4.24.4"
requires_python = ">=3.7"
summary = ""
files = [
    {file = "protobuf-4.24.4-cp310-abi3-win32.whl", hash = "sha256:ec9912d5cb6714a5710e28e592ee1093d68c5ebfeda61983b3f40331da0b1ebb"},
    {file = "protobuf-4.24.4-cp310-abi3-win_amd64.whl", hash = "sha256:1badab72aa8a3a2b812eacfede5020472e16c6b2212d737cefd685884c191085"},
    {file = "protobuf-4.24.4-cp37-abi3-macosx_10_9_universal2.whl", hash = "sha256:8e61a27f362369c2f33248a0ff6896c20dcd47b5d48239cb9720134bef6082e4"},
    {file = "protobuf-4.24.4-cp37-abi3-manylinux2014_aarch64.whl", hash = "sha256:bffa46ad9612e6779d0e51ae586fde768339b791a50610d85eb162daeb23661e"},
    {file = "protobuf-4.24.4-cp37-abi3-manylinux2014_x86_64.whl", hash = "sha256:b493cb590960ff863743b9ff1452c413c2ee12b782f48beca77c8da3e2ffe9d9"},
    {file = "protobuf-4.24.4-cp37-cp37m-win32.whl", hash = "sha256:dbbed8a56e56cee8d9d522ce844a1379a72a70f453bde6243e3c86c30c2a3d46"},
    {file = "protobuf-4.24.4-cp37-cp37m-win_amd64.whl", hash = "sha256:6b7d2e1c753715dcfe9d284a25a52d67818dd43c4932574307daf836f0071e37"},
    {file = "protobuf-4.24.4-cp38-cp38-win32.whl", hash = "sha256:02212557a76cd99574775a81fefeba8738d0f668d6abd0c6b1d3adcc75503dbe"},
    {file = "protobuf-4.24.4-cp38-cp38-win_amd64.whl", hash = "sha256:2fa3886dfaae6b4c5ed2730d3bf47c7a38a72b3a1f0acb4d4caf68e6874b947b"},
    {file = "protobuf-4.24.4-cp39-cp39-win32.whl", hash = "sha256:b77272f3e28bb416e2071186cb39efd4abbf696d682cbb5dc731308ad37fa6dd"},
    {file = "protobuf-4.24.4-cp39-cp39-win_amd64.whl", hash = "sha256:9fee5e8aa20ef1b84123bb9232b3f4a5114d9897ed89b4b8142d81924e05d79b"},
    {file = "protobuf-4.24.4-py3-none-any.whl", hash = "sha256:80797ce7424f8c8d2f2547e2d42bfbb6c08230ce5832d6c099a37335c9c90a92"},
    {file = "protobuf-4.24.4.tar.gz", hash = "sha256:5a70731910cd9104762161719c3d883c960151eea077134458503723b60e3667"},
]

[[package]]
name = "setuptools"
version = "68.0.0"
requires_python = ">=3.7"
summary = "Easily download, build, install, upgrade, and uninstall Python packages"
files = [
    {file = "setuptools-68.0.0-py3-none-any.whl", hash = "sha256:11e52c67415a381d10d6b462ced9cfb97066179f0e871399e006c4ab101fc85f"},
    {file = "setuptools-68.0.0.tar.gz", hash = "sha256:baf1fdb41c6da4cd2eae722e135500da913332ab3f2f5c7d33af9b492acb5235"},
]
